
Microsoft Visual Studio Solution File, Format Version 12.00
# Visual Studio 2012
Project("{8BC9CEB8-8B4A-11D0-8D11-00A0C91BC942}") = "uEnergyOTAUpdater", "uEnergyOTAUpdateTool.vcxproj", "{4DD7C69F-4782-40C1-A919-B000459F30DA}"
EndProject
Global
	GlobalSection(SolutionConfigurationPlatforms) = preSolution
		Debug|Win32 = Debug|Win32
		Release|Win32 = Release|Win32
		StaticDebug|Win32 = StaticDebug|Win32
		StaticRelease|Win32 = StaticRelease|Win32
	EndGlobalSection
	GlobalSection(ProjectConfigurationPlatforms) = postSolution
		{4DD7C69F-4782-40C1-A919-B000459F30DA}.Debug|Win32.ActiveCfg = Debug|Win32
		{4DD7C69F-4782-40C1-A919-B000459F30DA}.Debug|Win32.Build.0 = Debug|Win32
		{4DD7C69F-4782-40C1-A919-B000459F30DA}.Release|Win32.ActiveCfg = Release|Win32
		{4DD7C69F-4782-40C1-A919-B000459F30DA}.Release|Win32.Build.0 = Release|Win32
		{4DD7C69F-4782-40C1-A919-B000459F30DA}.StaticDebug|Win32.ActiveCfg = Debug|Win32
		{4DD7C69F-4782-40C1-A919-B000459F30DA}.StaticDebug|Win32.Build.0 = Debug|Win32
		{4DD7C69F-4782-40C1-A919-B000459F30DA}.StaticRelease|Win32.ActiveCfg = Release|Win32
		{4DD7C69F-4782-40C1-A919-B000459F30DA}.StaticRelease|Win32.Build.0 = Release|Win32
	EndGlobalSection
	GlobalSection(SolutionProperties) = preSolution
		HideSolutionNode = FALSE
	EndGlobalSection
EndGlobal
